
Microsoft Visual Studio Solution File, Format Version 12.00
# Visual Studio Version 17
VisualStudioVersion = 17.0.32014.148
MinimumVisualStudioVersion = 10.0.40219.1
Project("{2150E333-8FDC-42A3-9474-1A3956D46DE8}") = "src", "src", "{174A0C4D-72F6-4E47-ABD1-C127F0592319}"
EndProject
Project("{2150E333-8FDC-42A3-9474-1A3956D46DE8}") = "0-CoreDomain", "0-CoreDomain", "{AA4DF9B4-0A05-4BA6-BAFB-C8E343ABD759}"
EndProject
Project("{9A19103F-16F7-4668-BE54-9A1E7A4F7556}") = "Maxsys.MediaManager.CoreDomain", "src\Maxsys.MediaManager.CoreDomain\Maxsys.MediaManager.CoreDomain.csproj", "{E4272A65-D4F0-4F6D-8624-459ADB9C758D}"
EndProject
Project("{2150E333-8FDC-42A3-9474-1A3956D46DE8}") = "MUSIC_DOMAIN", "MUSIC_DOMAIN", "{9C8AE272-9EE6-4B45-86F9-17E82F26CA4F}"
EndProject
Project("{2150E333-8FDC-42A3-9474-1A3956D46DE8}") = "0-UI", "0-UI", "{01FD6057-863C-49B0-9FFB-2009A1E0535D}"
EndProject
Project("{2150E333-8FDC-42A3-9474-1A3956D46DE8}") = "2-Application", "2-Application", "{BD97E16D-AADE-40CB-A00A-955402F4D025}"
EndProject
Project("{2150E333-8FDC-42A3-9474-1A3956D46DE8}") = "3-Domain", "3-Domain", "{456E1717-7AFB-4FA5-A555-ACE5A071943D}"
EndProject
Project("{2150E333-8FDC-42A3-9474-1A3956D46DE8}") = "4-Infra", "4-Infra", "{EA31B752-694C-4C8C-B943-D5EE88F9F160}"
EndProject
Project("{2150E333-8FDC-42A3-9474-1A3956D46DE8}") = "4.1-Data", "4.1-Data", "{319E9044-73B8-4F0D-8F89-85A795177F9A}"
EndProject
Project("{2150E333-8FDC-42A3-9474-1A3956D46DE8}") = "4.2-CrossCutting", "4.2-CrossCutting", "{55A039BB-EDCF-4F6D-9D64-8E72DDB2C927}"
EndProject
Project("{9A19103F-16F7-4668-BE54-9A1E7A4F7556}") = "Maxsys.MediaManager.MusicContext.Domain", "src\MUSIC_DOMAIN\Maxsys.MediaManager.MusicContext.Domain\Maxsys.MediaManager.MusicContext.Domain.csproj", "{948B2F30-BF74-453A-AFDF-E9216A5EB5DF}"
EndProject
Project("{9A19103F-16F7-4668-BE54-9A1E7A4F7556}") = "Maxsys.MediaManager.MusicContext.Infra.DataEFCore", "src\MUSIC_DOMAIN\Maxsys.MediaManager.MusicContext.Infra.DataEFCore\Maxsys.MediaManager.MusicContext.Infra.DataEFCore.csproj", "{08BA9708-5EE2-4729-B516-F95614E7EF02}"
EndProject
Project("{9A19103F-16F7-4668-BE54-9A1E7A4F7556}") = "Maxsys.MediaManager.MusicContext.Infra.DataExporter", "src\MUSIC_DOMAIN\Maxsys.MediaManager.MusicContext.Infra.DataExporter\Maxsys.MediaManager.MusicContext.Infra.DataExporter.csproj", "{A1E74292-CFA1-4E70-AB8D-45CB650447A9}"
EndProject
Project("{9A19103F-16F7-4668-BE54-9A1E7A4F7556}") = "Maxsys.MediaManager.MusicContext.ApplicationMVVM", "src\MUSIC_DOMAIN\Maxsys.MediaManager.MusicContext.ApplicationMVVM\Maxsys.MediaManager.MusicContext.ApplicationMVVM.csproj", "{5BB10AE3-B25D-4046-A81F-738EAB948427}"
EndProject
Project("{9A19103F-16F7-4668-BE54-9A1E7A4F7556}") = "Maxsys.MediaManager.MusicContext.Infra.CrossCutting.IoC", "src\MUSIC_DOMAIN\Maxsys.MediaManager.MusicContext.Infra.CrossCutting.IoC\Maxsys.MediaManager.MusicContext.Infra.CrossCutting.IoC.csproj", "{3118860C-CF8F-4EF3-A977-54BD5C53E39F}"
EndProject
Project("{9A19103F-16F7-4668-BE54-9A1E7A4F7556}") = "Maxsys.MediaManager.MusicContext.WPF", "src\MUSIC_DOMAIN\Maxsys.MediaManager.MusicContext.WPF\Maxsys.MediaManager.MusicContext.WPF.csproj", "{1AADFAE0-F59C-4C0D-AE2A-F61EF5334150}"
EndProject
Project("{9A19103F-16F7-4668-BE54-9A1E7A4F7556}") = "Maxsys.MediaManager.MusicContext.AppTagLibMono", "src\MUSIC_DOMAIN\Maxsys.MediaManager.MusicContext.AppTagLibMono\Maxsys.MediaManager.MusicContext.AppTagLibMono.csproj", "{1781F2BD-198D-4472-A3E2-592F4F63C8B2}"
EndProject
Project("{9A19103F-16F7-4668-BE54-9A1E7A4F7556}") = "Maxsys.MediaManager.MusicContext.DataExporterConsole", "src\MUSIC_DOMAIN\Maxsys.MediaManager.MusicContext.DataExporterConsole\Maxsys.MediaManager.MusicContext.DataExporterConsole.csproj", "{ED95DB76-71EF-44CC-86A8-F225E76E6278}"
EndProject
Project("{2150E333-8FDC-42A3-9474-1A3956D46DE8}") = "tests", "tests", "{D94FABB4-3342-49AF-BEB2-F0C104B7E913}"
EndProject
Project("{9A19103F-16F7-4668-BE54-9A1E7A4F7556}") = "Maxsys.MediaManager.MusicContext.Tests", "tests\Maxsys.MediaManager.MusicContext.Tests\Maxsys.MediaManager.MusicContext.Tests.csproj", "{5DEDC478-DF2A-45B6-BAB9-399ECD90A108}"
EndProject
Project("{2150E333-8FDC-42A3-9474-1A3956D46DE8}") = "1-Services", "1-Services", "{B4D3358F-A981-4CBE-931C-11A3D77E5EE1}"
EndProject
Project("{2150E333-8FDC-42A3-9474-1A3956D46DE8}") = ".dev", ".dev", "{561CDF0C-356B-4EA2-97A2-98FB1EB6FD94}"
EndProject
Project("{9A19103F-16F7-4668-BE54-9A1E7A4F7556}") = "ConsoleApp", ".dev\ConsoleApp\ConsoleApp.csproj", "{CCAA0943-5C9A-4849-A531-D7FF19D1CC7F}"
EndProject
Project("{2150E333-8FDC-42A3-9474-1A3956D46DE8}") = "docs", "docs", "{54F0E5D0-C696-4A9C-ACA8-7F1D299587E6}"
	ProjectSection(SolutionItems) = preProject
		docs\notes.txt = docs\notes.txt
		docs\README.md = docs\README.md
	EndProjectSection
EndProject
Project("{2150E333-8FDC-42A3-9474-1A3956D46DE8}") = "Solution Items", "Solution Items", "{86DD0CAA-7910-4E02-BB37-AC7B6A267DA8}"
	ProjectSection(SolutionItems) = preProject
		.editorconfig = .editorconfig
	EndProjectSection
EndProject
Global
	GlobalSection(SolutionConfigurationPlatforms) = preSolution
		Debug|Any CPU = Debug|Any CPU
		Debug|x64 = Debug|x64
		Release|Any CPU = Release|Any CPU
		Release|x64 = Release|x64
	EndGlobalSection
	GlobalSection(ProjectConfigurationPlatforms) = postSolution
		{E4272A65-D4F0-4F6D-8624-459ADB9C758D}.Debug|Any CPU.ActiveCfg = Debug|Any CPU
		{E4272A65-D4F0-4F6D-8624-459ADB9C758D}.Debug|Any CPU.Build.0 = Debug|Any CPU
		{E4272A65-D4F0-4F6D-8624-459ADB9C758D}.Debug|x64.ActiveCfg = Debug|x64
		{E4272A65-D4F0-4F6D-8624-459ADB9C758D}.Debug|x64.Build.0 = Debug|x64
		{E4272A65-D4F0-4F6D-8624-459ADB9C758D}.Release|Any CPU.ActiveCfg = Release|Any CPU
		{E4272A65-D4F0-4F6D-8624-459ADB9C758D}.Release|Any CPU.Build.0 = Release|Any CPU
		{E4272A65-D4F0-4F6D-8624-459ADB9C758D}.Release|x64.ActiveCfg = Release|x64
		{E4272A65-D4F0-4F6D-8624-459ADB9C758D}.Release|x64.Build.0 = Release|x64
		{948B2F30-BF74-453A-AFDF-E9216A5EB5DF}.Debug|Any CPU.ActiveCfg = Debug|Any CPU
		{948B2F30-BF74-453A-AFDF-E9216A5EB5DF}.Debug|Any CPU.Build.0 = Debug|Any CPU
		{948B2F30-BF74-453A-AFDF-E9216A5EB5DF}.Debug|x64.ActiveCfg = Debug|x64
		{948B2F30-BF74-453A-AFDF-E9216A5EB5DF}.Debug|x64.Build.0 = Debug|x64
		{948B2F30-BF74-453A-AFDF-E9216A5EB5DF}.Release|Any CPU.ActiveCfg = Release|Any CPU
		{948B2F30-BF74-453A-AFDF-E9216A5EB5DF}.Release|Any CPU.Build.0 = Release|Any CPU
		{948B2F30-BF74-453A-AFDF-E9216A5EB5DF}.Release|x64.ActiveCfg = Release|x64
		{948B2F30-BF74-453A-AFDF-E9216A5EB5DF}.Release|x64.Build.0 = Release|x64
		{08BA9708-5EE2-4729-B516-F95614E7EF02}.Debug|Any CPU.ActiveCfg = Debug|Any CPU
		{08BA9708-5EE2-4729-B516-F95614E7EF02}.Debug|Any CPU.Build.0 = Debug|Any CPU
		{08BA9708-5EE2-4729-B516-F95614E7EF02}.Debug|x64.ActiveCfg = Debug|Any CPU
		{08BA9708-5EE2-4729-B516-F95614E7EF02}.Debug|x64.Build.0 = Debug|Any CPU
		{08BA9708-5EE2-4729-B516-F95614E7EF02}.Release|Any CPU.ActiveCfg = Release|Any CPU
		{08BA9708-5EE2-4729-B516-F95614E7EF02}.Release|Any CPU.Build.0 = Release|Any CPU
		{08BA9708-5EE2-4729-B516-F95614E7EF02}.Release|x64.ActiveCfg = Release|Any CPU
		{08BA9708-5EE2-4729-B516-F95614E7EF02}.Release|x64.Build.0 = Release|Any CPU
		{A1E74292-CFA1-4E70-AB8D-45CB650447A9}.Debug|Any CPU.ActiveCfg = Debug|Any CPU
		{A1E74292-CFA1-4E70-AB8D-45CB650447A9}.Debug|Any CPU.Build.0 = Debug|Any CPU
		{A1E74292-CFA1-4E70-AB8D-45CB650447A9}.Debug|x64.ActiveCfg = Debug|Any CPU
		{A1E74292-CFA1-4E70-AB8D-45CB650447A9}.Debug|x64.Build.0 = Debug|Any CPU
		{A1E74292-CFA1-4E70-AB8D-45CB650447A9}.Release|Any CPU.ActiveCfg = Release|Any CPU
		{A1E74292-CFA1-4E70-AB8D-45CB650447A9}.Release|Any CPU.Build.0 = Release|Any CPU
		{A1E74292-CFA1-4E70-AB8D-45CB650447A9}.Release|x64.ActiveCfg = Release|Any CPU
		{A1E74292-CFA1-4E70-AB8D-45CB650447A9}.Release|x64.Build.0 = Release|Any CPU
		{5BB10AE3-B25D-4046-A81F-738EAB948427}.Debug|Any CPU.ActiveCfg = Debug|Any CPU
		{5BB10AE3-B25D-4046-A81F-738EAB948427}.Debug|Any CPU.Build.0 = Debug|Any CPU
		{5BB10AE3-B25D-4046-A81F-738EAB948427}.Debug|x64.ActiveCfg = Debug|Any CPU
		{5BB10AE3-B25D-4046-A81F-738EAB948427}.Debug|x64.Build.0 = Debug|Any CPU
		{5BB10AE3-B25D-4046-A81F-738EAB948427}.Release|Any CPU.ActiveCfg = Release|Any CPU
		{5BB10AE3-B25D-4046-A81F-738EAB948427}.Release|Any CPU.Build.0 = Release|Any CPU
		{5BB10AE3-B25D-4046-A81F-738EAB948427}.Release|x64.ActiveCfg = Release|Any CPU
		{5BB10AE3-B25D-4046-A81F-738EAB948427}.Release|x64.Build.0 = Release|Any CPU
		{3118860C-CF8F-4EF3-A977-54BD5C53E39F}.Debug|Any CPU.ActiveCfg = Debug|Any CPU
		{3118860C-CF8F-4EF3-A977-54BD5C53E39F}.Debug|Any CPU.Build.0 = Debug|Any CPU
		{3118860C-CF8F-4EF3-A977-54BD5C53E39F}.Debug|x64.ActiveCfg = Debug|Any CPU
		{3118860C-CF8F-4EF3-A977-54BD5C53E39F}.Debug|x64.Build.0 = Debug|Any CPU
		{3118860C-CF8F-4EF3-A977-54BD5C53E39F}.Release|Any CPU.ActiveCfg = Release|Any CPU
		{3118860C-CF8F-4EF3-A977-54BD5C53E39F}.Release|Any CPU.Build.0 = Release|Any CPU
		{3118860C-CF8F-4EF3-A977-54BD5C53E39F}.Release|x64.ActiveCfg = Release|Any CPU
		{3118860C-CF8F-4EF3-A977-54BD5C53E39F}.Release|x64.Build.0 = Release|Any CPU
		{1AADFAE0-F59C-4C0D-AE2A-F61EF5334150}.Debug|Any CPU.ActiveCfg = Debug|Any CPU
		{1AADFAE0-F59C-4C0D-AE2A-F61EF5334150}.Debug|Any CPU.Build.0 = Debug|Any CPU
		{1AADFAE0-F59C-4C0D-AE2A-F61EF5334150}.Debug|x64.ActiveCfg = Debug|Any CPU
		{1AADFAE0-F59C-4C0D-AE2A-F61EF5334150}.Debug|x64.Build.0 = Debug|Any CPU
		{1AADFAE0-F59C-4C0D-AE2A-F61EF5334150}.Release|Any CPU.ActiveCfg = Release|Any CPU
		{1AADFAE0-F59C-4C0D-AE2A-F61EF5334150}.Release|Any CPU.Build.0 = Release|Any CPU
		{1AADFAE0-F59C-4C0D-AE2A-F61EF5334150}.Release|x64.ActiveCfg = Release|Any CPU
		{1AADFAE0-F59C-4C0D-AE2A-F61EF5334150}.Release|x64.Build.0 = Release|Any CPU
		{1781F2BD-198D-4472-A3E2-592F4F63C8B2}.Debug|Any CPU.ActiveCfg = Debug|Any CPU
		{1781F2BD-198D-4472-A3E2-592F4F63C8B2}.Debug|Any CPU.Build.0 = Debug|Any CPU
		{1781F2BD-198D-4472-A3E2-592F4F63C8B2}.Debug|x64.ActiveCfg = Debug|Any CPU
		{1781F2BD-198D-4472-A3E2-592F4F63C8B2}.Debug|x64.Build.0 = Debug|Any CPU
		{1781F2BD-198D-4472-A3E2-592F4F63C8B2}.Release|Any CPU.ActiveCfg = Release|Any CPU
		{1781F2BD-198D-4472-A3E2-592F4F63C8B2}.Release|Any CPU.Build.0 = Release|Any CPU
		{1781F2BD-198D-4472-A3E2-592F4F63C8B2}.Release|x64.ActiveCfg = Release|Any CPU
		{1781F2BD-198D-4472-A3E2-592F4F63C8B2}.Release|x64.Build.0 = Release|Any CPU
		{ED95DB76-71EF-44CC-86A8-F225E76E6278}.Debug|Any CPU.ActiveCfg = Debug|Any CPU
		{ED95DB76-71EF-44CC-86A8-F225E76E6278}.Debug|Any CPU.Build.0 = Debug|Any CPU
		{ED95DB76-71EF-44CC-86A8-F225E76E6278}.Debug|x64.ActiveCfg = Debug|Any CPU
		{ED95DB76-71EF-44CC-86A8-F225E76E6278}.Debug|x64.Build.0 = Debug|Any CPU
		{ED95DB76-71EF-44CC-86A8-F225E76E6278}.Release|Any CPU.ActiveCfg = Release|Any CPU
		{ED95DB76-71EF-44CC-86A8-F225E76E6278}.Release|Any CPU.Build.0 = Release|Any CPU
		{ED95DB76-71EF-44CC-86A8-F225E76E6278}.Release|x64.ActiveCfg = Release|Any CPU
		{ED95DB76-71EF-44CC-86A8-F225E76E6278}.Release|x64.Build.0 = Release|Any CPU
		{5DEDC478-DF2A-45B6-BAB9-399ECD90A108}.Debug|Any CPU.ActiveCfg = Debug|Any CPU
		{5DEDC478-DF2A-45B6-BAB9-399ECD90A108}.Debug|Any CPU.Build.0 = Debug|Any CPU
		{5DEDC478-DF2A-45B6-BAB9-399ECD90A108}.Debug|x64.ActiveCfg = Debug|Any CPU
		{5DEDC478-DF2A-45B6-BAB9-399ECD90A108}.Debug|x64.Build.0 = Debug|Any CPU
		{5DEDC478-DF2A-45B6-BAB9-399ECD90A108}.Release|Any CPU.ActiveCfg = Release|Any CPU
		{5DEDC478-DF2A-45B6-BAB9-399ECD90A108}.Release|Any CPU.Build.0 = Release|Any CPU
		{5DEDC478-DF2A-45B6-BAB9-399ECD90A108}.Release|x64.ActiveCfg = Release|Any CPU
		{5DEDC478-DF2A-45B6-BAB9-399ECD90A108}.Release|x64.Build.0 = Release|Any CPU
		{CCAA0943-5C9A-4849-A531-D7FF19D1CC7F}.Debug|Any CPU.ActiveCfg = Debug|Any CPU
		{CCAA0943-5C9A-4849-A531-D7FF19D1CC7F}.Debug|Any CPU.Build.0 = Debug|Any CPU
		{CCAA0943-5C9A-4849-A531-D7FF19D1CC7F}.Debug|x64.ActiveCfg = Debug|Any CPU
		{CCAA0943-5C9A-4849-A531-D7FF19D1CC7F}.Debug|x64.Build.0 = Debug|Any CPU
		{CCAA0943-5C9A-4849-A531-D7FF19D1CC7F}.Release|Any CPU.ActiveCfg = Release|Any CPU
		{CCAA0943-5C9A-4849-A531-D7FF19D1CC7F}.Release|Any CPU.Build.0 = Release|Any CPU
		{CCAA0943-5C9A-4849-A531-D7FF19D1CC7F}.Release|x64.ActiveCfg = Release|Any CPU
		{CCAA0943-5C9A-4849-A531-D7FF19D1CC7F}.Release|x64.Build.0 = Release|Any CPU
	EndGlobalSection
	GlobalSection(SolutionProperties) = preSolution
		HideSolutionNode = FALSE
	EndGlobalSection
	GlobalSection(NestedProjects) = preSolution
		{AA4DF9B4-0A05-4BA6-BAFB-C8E343ABD759} = {174A0C4D-72F6-4E47-ABD1-C127F0592319}
		{E4272A65-D4F0-4F6D-8624-459ADB9C758D} = {AA4DF9B4-0A05-4BA6-BAFB-C8E343ABD759}
		{9C8AE272-9EE6-4B45-86F9-17E82F26CA4F} = {174A0C4D-72F6-4E47-ABD1-C127F0592319}
		{01FD6057-863C-49B0-9FFB-2009A1E0535D} = {9C8AE272-9EE6-4B45-86F9-17E82F26CA4F}
		{BD97E16D-AADE-40CB-A00A-955402F4D025} = {9C8AE272-9EE6-4B45-86F9-17E82F26CA4F}
		{456E1717-7AFB-4FA5-A555-ACE5A071943D} = {9C8AE272-9EE6-4B45-86F9-17E82F26CA4F}
		{EA31B752-694C-4C8C-B943-D5EE88F9F160} = {9C8AE272-9EE6-4B45-86F9-17E82F26CA4F}
		{319E9044-73B8-4F0D-8F89-85A795177F9A} = {EA31B752-694C-4C8C-B943-D5EE88F9F160}
		{55A039BB-EDCF-4F6D-9D64-8E72DDB2C927} = {EA31B752-694C-4C8C-B943-D5EE88F9F160}
		{948B2F30-BF74-453A-AFDF-E9216A5EB5DF} = {456E1717-7AFB-4FA5-A555-ACE5A071943D}
		{08BA9708-5EE2-4729-B516-F95614E7EF02} = {319E9044-73B8-4F0D-8F89-85A795177F9A}
		{A1E74292-CFA1-4E70-AB8D-45CB650447A9} = {319E9044-73B8-4F0D-8F89-85A795177F9A}
		{5BB10AE3-B25D-4046-A81F-738EAB948427} = {BD97E16D-AADE-40CB-A00A-955402F4D025}
		{3118860C-CF8F-4EF3-A977-54BD5C53E39F} = {55A039BB-EDCF-4F6D-9D64-8E72DDB2C927}
		{1AADFAE0-F59C-4C0D-AE2A-F61EF5334150} = {01FD6057-863C-49B0-9FFB-2009A1E0535D}
		{1781F2BD-198D-4472-A3E2-592F4F63C8B2} = {456E1717-7AFB-4FA5-A555-ACE5A071943D}
		{ED95DB76-71EF-44CC-86A8-F225E76E6278} = {B4D3358F-A981-4CBE-931C-11A3D77E5EE1}
		{5DEDC478-DF2A-45B6-BAB9-399ECD90A108} = {D94FABB4-3342-49AF-BEB2-F0C104B7E913}
		{B4D3358F-A981-4CBE-931C-11A3D77E5EE1} = {9C8AE272-9EE6-4B45-86F9-17E82F26CA4F}
		{CCAA0943-5C9A-4849-A531-D7FF19D1CC7F} = {561CDF0C-356B-4EA2-97A2-98FB1EB6FD94}
	EndGlobalSection
	GlobalSection(ExtensibilityGlobals) = postSolution
		SolutionGuid = {2EE9D740-60B4-4C01-BFFC-29AD87A3CBBD}
	EndGlobalSection
EndGlobal
